{
    "_meta": {
        "hash": {
            "sha256": "9ab5e0a3496d14fe3d237b1363aa325ccd0e846cf82703d2e6eacf854cd264bb"
        },
        "pipfile-spec": 6,
        "requires": {
            "python_version": "3.7"
        },
        "sources": [
            {
                "name": "pypi",
                "url": "https://pypi.org/simple",
                "verify_ssl": true
            }
        ]
    },
    "default": {
        "cassandra-driver": {
            "hashes": [
                "sha256:71d79568ecbcabbd7fdbe4f488c6439e55cc6b457178ba6cb831bdbf4fb5d7f8"
            ],
            "index": "pypi",
            "version": "==3.17.1"
        },
        "six": {
            "hashes": [
                "sha256:3350809f0555b11f552448330d0b52d5f24c91a322ea4a15ef22629740f3761c",
                "sha256:d16a0141ec1a18405cd4ce8b4613101da75da0e9a7aec5bdd4fa804d0e0eba73"
            ],
            "version": "==1.12.0"
        }
    },
    "develop": {}
}
